// !$*UTF8*$!
{
	archiveVersion = 1;
	classes = {
	};
	objectVersion = 46;
	objects = {

/* Begin PBXBuildFile section */
		DA3242141EE4C93E004DBBEE /* AppDelegate.swift in Sources */ = {isa = PBXBuildFile; fileRef = DA3242131EE4C93E004DBBEE /* AppDelegate.swift */; };
		DA3242161EE4C93E004DBBEE /* FirstViewController.swift in Sources */ = {isa = PBXBuildFile; fileRef = DA3242151EE4C93E004DBBEE /* FirstViewController.swift */; };
		DA3242181EE4C93E004DBBEE /* SecondViewController.swift in Sources */ = {isa = PBXBuildFile; fileRef = DA3242171EE4C93E004DBBEE /* SecondViewController.swift */; };
		DA32421B1EE4C93E004DBBEE /* Main.storyboard in Resources */ = {isa = PBXBuildFile; fileRef = DA3242191EE4C93E004DBBEE /* Main.storyboard */; };
		DA32421D1EE4C93E004DBBEE /* Assets.xcassets in Resources */ = {isa = PBXBuildFile; fileRef = DA32421C1EE4C93E004DBBEE /* Assets.xcassets */; };
		DA3242201EE4C93E004DBBEE /* LaunchScreen.storyboard in Resources */ = {isa = PBXBuildFile; fileRef = DA32421E1EE4C93E004DBBEE /* LaunchScreen.storyboard */; };
		DABD86EE1EE791DA00BE4959 /* ToDo.jpg in Resources */ = {isa = PBXBuildFile; fileRef = DABD86ED1EE791DA00BE4959 /* ToDo.jpg */; };
/* End PBXBuildFile section */

/* Begin PBXFileReference section */
		DA3242101EE4C93E004DBBEE /* To Do List.app */ = {isa = PBXFileReference; explicitFileType = wrapper.application; includeInIndex = 0; path = "To Do List.app"; sourceTree = BUILT_PRODUCTS_DIR; };
		DA3242131EE4C93E004DBBEE /* AppDelegate.swift */ = {isa = PBXFileReference; lastKnownFileType = sourcecode.swift; path = AppDelegate.swift; sourceTree = "<group>"; };
		DA3242151EE4C93E004DBBEE /* FirstViewController.swift */ = {isa = PBXFileReference; lastKnownFileType = sourcecode.swift; path = FirstViewController.swift; sourceTree = "<group>"; };
		DA3242171EE4C93E004DBBEE /* SecondViewController.swift */ = {isa = PBXFileReference; lastKnownFileType = sourcecode.swift; path = SecondViewController.swift; sourceTree = "<group>"; };
		DA32421A1EE4C93E004DBBEE /* Base */ = {isa = PBXFileReference; lastKnownFileType = file.storyboard; name = Base; path = Base.lproj/Main.storyboard; sourceTree = "<group>"; };
		DA32421C1EE4C93E004DBBEE /* Assets.xcassets */ = {isa = PBXFileReference; lastKnownFileType = folder.assetcatalog; path = Assets.xcassets; sourceTree = "<group>"; };
		DA32421F1EE4C93E004DBBEE /* Base */ = {isa = PBXFileReference; lastKnownFileType = file.storyboard; name = Base; path = Base.lproj/LaunchScreen.storyboard; sourceTree = "<group>"; };
		DA3242211EE4C93E004DBBEE /* Info.plist */ = {isa = PBXFileReference; lastKnownFileType = text.plist.xml; path = Info.plist; sourceTree = "<group>"; };
		DABD86ED1EE791DA00BE4959 /* ToDo.jpg */ = {isa = PBXFileReference; lastKnownFileType = image.jpeg; path = ToDo.jpg; sourceTree = "<group>"; };
/* End PBXFileReference section */

/* Begin PBXFrameworksBuildPhase section */
		DA32420D1EE4C93E004DBBEE /* Frameworks */ = {
			isa = PBXFrameworksBuildPhase;
			buildActionMask = 2147483647;
			files = (
			);
			runOnlyForDeploymentPostprocessing = 0;
		};
/* End PBXFrameworksBuildPhase section */

/* Begin PBXGroup section */
		DA3242071EE4C93E004DBBEE = {
			isa = PBXGroup;
			children = (
				DA3242121EE4C93E004DBBEE /* To Do List */,
				DA3242111EE4C93E004DBBEE /* Products */,
			);
			sourceTree = "<group>";
		};
		DA3242111EE4C93E004DBBEE /* Products */ = {
			isa = PBXGroup;
			children = (
				DA3242101EE4C93E004DBBEE /* To Do List.app */,
			);
			name = Products;
			sourceTree = "<group>";
		};
		DA3242121EE4C93E004DBBEE /* To Do List */ = {
			isa = PBXGroup;
			children = (
				DA3242131EE4C93E004DBBEE /* AppDelegate.swift */,
				DA3242151EE4C93E004DBBEE /* FirstViewController.swift */,
				DA3242171EE4C93E004DBBEE /* SecondViewController.swift */,
				DA3242191EE4C93E004DBBEE /* Main.storyboard */,
				DABD86ED1EE791DA00BE4959 /* ToDo.jpg */,
				DA32421C1EE4C93E004DBBEE /* Assets.xcassets */,
				DA32421E1EE4C93E004DBBEE /* LaunchScreen.storyboard */,
				DA3242211EE4C93E004DBBEE /* Info.plist */,
			);
			path = "To Do List";
			sourceTree = "<group>";
		};
/* End PBXGroup section */

/* Begin PBXNativeTarget section */
		DA32420F1EE4C93E004DBBEE /* To Do List */ = {
			isa = PBXNativeTarget;
			buildConfigurationList = DA3242241EE4C93E004DBBEE /* Build configuration list for PBXNativeTarget "To Do List" */;
			buildPhases = (
				DA32420C1EE4C93E004DBBEE /* Sources */,
				DA32420D1EE4C93E004DBBEE /* Frameworks */,
				DA32420E1EE4C93E004DBBEE /* Resources */,
			);
			buildRules = (
			);
			dependencies = (
			);
			name = "To Do List";
			productName = "To Do List";
			productReference = DA3242101EE4C93E004DBBEE /* To Do List.app */;
			productType = "com.apple.product-type.application";
		};
/* End PBXNativeTarget section */

/* Begin PBXProject section */
		DA3242081EE4C93E004DBBEE /* Project object */ = {
			isa = PBXProject;
			attributes = {
				LastSwiftUpdateCheck = 0830;
				LastUpgradeCheck = 0920;
				ORGANIZATIONNAME = SetiVega;
				TargetAttributes = {
					DA32420F1EE4C93E004DBBEE = {
						CreatedOnToolsVersion = 8.3.2;
						LastSwiftMigration = 0920;
						ProvisioningStyle = Automatic;
					};
				};
			};
			buildConfigurationList = DA32420B1EE4C93E004DBBEE /* Build configuration list for PBXProject "To Do List" */;
			compatibilityVersion = "Xcode 3.2";
			developmentRegion = English;
			hasScannedForEncodings = 0;
			knownRegions = (
				en,
				Base,
			);
			mainGroup = DA3242071EE4C93E004DBBEE;
			productRefGroup = DA3242111EE4C93E004DBBEE /* Products */;
			projectDirPath = "";
			projectRoot = "";
			targets = (
				DA32420F1EE4C93E004DBBEE /* To Do List */,
			);
		};
/* End PBXProject section */

/* Begin PBXResourcesBuildPhase section */
		DA32420E1EE4C93E004DBBEE /* Resources */ = {
			isa = PBXResourcesBuildPhase;
			buildActionMask = 2147483647;
			files = (
				DA3242201EE4C93E004DBBEE /* LaunchScreen.storyboard in Resources */,
				DABD86EE1EE791DA00BE4959 /* ToDo.jpg in Resources */,
				DA32421D1EE4C93E004DBBEE /* Assets.xcassets in Resources */,
				DA32421B1EE4C93E004DBBEE /* Main.storyboard in Resources */,
			);
			runOnlyForDeploymentPostprocessing = 0;
		};
/* End PBXResourcesBuildPhase section */

/* Begin PBXSourcesBuildPhase section */
		DA32420C1EE4C93E004DBBEE /* Sources */ = {
			isa = PBXSourcesBuildPhase;
			buildActionMask = 2147483647;
			files = (
				DA3242181EE4C93E004DBBEE /* SecondViewController.swift in Sources */,
				DA3242141EE4C93E004DBBEE /* AppDelegate.swift in Sources */,
				DA3242161EE4C93E004DBBEE /* FirstViewController.swift in Sources */,
			);
			runOnlyForDeploymentPostprocessing = 0;
		};
/* End PBXSourcesBuildPhase section */

/* Begin PBXVariantGroup section */
		DA3242191EE4C93E004DBBEE /* Main.storyboard */ = {
			isa = PBXVariantGroup;
			children = (
				DA32421A1EE4C93E004DBBEE /* Base */,
			);
			name = Main.storyboard;
			sourceTree = "<group>";
		};
		DA32421E1EE4C93E004DBBEE /* LaunchScreen.storyboard */ = {
			isa = PBXVariantGroup;
			children = (
				DA32421F1EE4C93E004DBBEE /* Base */,
			);
			name = LaunchScreen.storyboard;
			sourceTree = "<group>";
		};
/* End PBXVariantGroup section */

/* Begin XCBuildConfiguration section */
		DA3242221EE4C93E004DBBEE /* Debug */ = {
			isa = XCBuildConfiguration;
			buildSettings = {
				ALWAYS_SEARCH_USER_PATHS = NO;
				CLANG_ANALYZER_NONNULL = YES;
				CLANG_ANALYZER_NUMBER_OBJECT_CONVERSION = YES_AGGRESSIVE;
				CLANG_CXX_LANGUAGE_STANDARD = "gnu++0x";
				CLANG_CXX_LIBRARY = "libc++";
				CLANG_ENABLE_MODULES = YES;
				CLANG_ENABLE_OBJC_ARC = YES;
				CLANG_WARN_BLOCK_CAPTURE_AUTORELEASING = YES;
				CLANG_WARN_BOOL_CONVERSION = YES;
				CLANG_WARN_COMMA = YES;
				CLANG_WARN_CONSTANT_CONVERSION = YES;
				CLANG_WARN_DIRECT_OBJC_ISA_USAGE = YES_ERROR;
				CLANG_WARN_DOCUMENTATION_COMMENTS = YES;
				CLANG_WARN_EMPTY_BODY = YES;
				CLANG_WARN_ENUM_CONVERSION = YES;
				CLANG_WARN_INFINITE_RECURSION = YES;
				CLANG_WARN_INT_CONVERSION = YES;
				CLANG_WARN_NON_LITERAL_NULL_CONVERSION = YES;
				CLANG_WARN_OBJC_LITERAL_CONVERSION = YES;
				CLANG_WARN_OBJC_ROOT_CLASS = YES_ERROR;
				CLANG_WARN_RANGE_LOOP_ANALYSIS = YES;
				CLANG_WARN_STRICT_PROTOTYPES = YES;
				CLANG_WARN_SUSPICIOUS_MOVE = YES;
				CLANG_WARN_UNREACHABLE_CODE = YES;
				CLANG_WARN__DUPLICATE_METHOD_MATCH = YES;
				"CODE_SIGN_IDENTITY[sdk=iphoneos*]" = "iPhone Developer";
				COPY_PHASE_STRIP = NO;
				DEBUG_INFORMATION_FORMAT = dwarf;
				ENABLE_STRICT_OBJC_MSGSEND = YES;
				ENABLE_TESTABILITY = YES;
				GCC_C_LANGUAGE_STANDARD = gnu99;
				GCC_DYNAMIC_NO_PIC = NO;
				GCC_NO_COMMON_BLOCKS = YES;
				GCC_OPTIMIZATION_LEVEL = 0;
				GCC_PREPROCESSOR_DEFINITIONS = (
					"DEBUG=1",
					"$(inherited)",
				);
				GCC_WARN_64_TO_32_BIT_CONVERSION = YES;
				GCC_WARN_ABOUT_RETURN_TYPE = YES_ERROR;
				GCC_WARN_UNDECLARED_SELECTOR = YES;
				GCC_WARN_UNINITIALIZED_AUTOS = YES_AGGRESSIVE;
				GCC_WARN_UNUSED_FUNCTION = YES;
				GCC_WARN_UNUSED_VARIABLE = YES;
				IPHONEOS_DEPLOYMENT_TARGET = 10.3;
				MTL_ENABLE_DEBUG_INFO = YES;
				ONLY_ACTIVE_ARCH = YES;
				SDKROOT = iphoneos;
				SWIFT_ACTIVE_COMPILATION_CONDITIONS = DEBUG;
				SWIFT_OPTIMIZATION_LEVEL = "-Onone";
			};
			name = Debug;
		};
		DA3242231EE4C93E004DBBEE /* Release */ = {
			isa = XCBuildConfiguration;
			buildSettings = {
				ALWAYS_SEARCH_USER_PATHS = NO;
				CLANG_ANALYZER_NONNULL = YES;
				CLANG_ANALYZER_NUMBER_OBJECT_CONVERSION = YES_AGGRESSIVE;
				CLANG_CXX_LANGUAGE_STANDARD = "gnu++0x";
				CLANG_CXX_LIBRARY = "libc++";
				CLANG_ENABLE_MODULES = YES;
				CLANG_ENABLE_OBJC_ARC = YES;
				CLANG_WARN_BLOCK_CAPTURE_AUTORELEASING = YES;
				CLANG_WARN_BOOL_CONVERSION = YES;
				CLANG_WARN_COMMA = YES;
				CLANG_WARN_CONSTANT_CONVERSION = YES;
				CLANG_WARN_DIRECT_OBJC_ISA_USAGE = YES_ERROR;
				CLANG_WARN_DOCUMENTATION_COMMENTS = YES;
				CLANG_WARN_EMPTY_BODY = YES;
				CLANG_WARN_ENUM_CONVERSION = YES;
				CLANG_WARN_INFINITE_RECURSION = YES;
				CLANG_WARN_INT_CONVERSION = YES;
				CLANG_WARN_NON_LITERAL_NULL_CONVERSION = YES;
				CLANG_WARN_OBJC_LITERAL_CONVERSION = YES;
				CLANG_WARN_OBJC_ROOT_CLASS = YES_ERROR;
				CLANG_WARN_RANGE_LOOP_ANALYSIS = YES;
				CLANG_WARN_STRICT_PROTOTYPES = YES;
				CLANG_WARN_SUSPICIOUS_MOVE = YES;
				CLANG_WARN_UNREACHABLE_CODE = YES;
				CLANG_WARN__DUPLICATE_METHOD_MATCH = YES;
				"CODE_SIGN_IDENTITY[sdk=iphoneos*]" = "iPhone Developer";
				COPY_PHASE_STRIP = NO;
				DEBUG_INFORMATION_FORMAT = "dwarf-with-dsym";
				ENABLE_NS_ASSERTIONS = NO;
				ENABLE_STRICT_OBJC_MSGSEND = YES;
				GCC_C_LANGUAGE_STANDARD = gnu99;
				GCC_NO_COMMON_BLOCKS = YES;
				GCC_WARN_64_TO_32_BIT_CONVERSION = YES;
				GCC_WARN_ABOUT_RETURN_TYPE = YES_ERROR;
				GCC_WARN_UNDECLARED_SELECTOR = YES;
				GCC_WARN_UNINITIALIZED_AUTOS = YES_AGGRESSIVE;
				GCC_WARN_UNUSED_FUNCTION = YES;
				GCC_WARN_UNUSED_VARIABLE = YES;
				IPHONEOS_DEPLOYMENT_TARGET = 10.3;
				MTL_ENABLE_DEBUG_INFO = NO;
				SDKROOT = iphoneos;
				SWIFT_OPTIMIZATION_LEVEL = "-Owholemodule";
				VALIDATE_PRODUCT = YES;
			};
			name = Release;
		};
		DA3242251EE4C93E004DBBEE /* Debug */ = {
			isa = XCBuildConfiguration;
			buildSettings = {
				ASSETCATALOG_COMPILER_APPICON_NAME = AppIcon;
				INFOPLIST_FILE = "To Do List/Info.plist";
				LD_RUNPATH_SEARCH_PATHS = "$(inherited) @executable_path/Frameworks";
				PRODUCT_BUNDLE_IDENTIFIER = "com.SetiVega.To-Do-List";
				PRODUCT_NAME = "$(TARGET_NAME)";
				SWIFT_SWIFT3_OBJC_INFERENCE = On;
				SWIFT_VERSION = 4.0;
			};
			name = Debug;
		};
		DA3242261EE4C93E004DBBEE /* Release */ = {
			isa = XCBuildConfiguration;
			buildSettings = {
				ASSETCATALOG_COMPILER_APPICON_NAME = AppIcon;
				INFOPLIST_FILE = "To Do List/Info.plist";
				LD_RUNPATH_SEARCH_PATHS = "$(inherited) @executable_path/Frameworks";
				PRODUCT_BUNDLE_IDENTIFIER = "com.SetiVega.To-Do-List";
				PRODUCT_NAME = "$(TARGET_NAME)";
				SWIFT_SWIFT3_OBJC_INFERENCE = On;
				SWIFT_VERSION = 4.0;
			};
			name = Release;
		};
/* End XCBuildConfiguration section */

/* Begin XCConfigurationList section */
		DA32420B1EE4C93E004DBBEE /* Build configuration list for PBXProject "To Do List" */ = {
			isa = XCConfigurationList;
			buildConfigurations = (
				DA3242221EE4C93E004DBBEE /* Debug */,
				DA3242231EE4C93E004DBBEE /* Release */,
			);
			defaultConfigurationIsVisible = 0;
			defaultConfigurationName = Release;
		};
		DA3242241EE4C93E004DBBEE /* Build configuration list for PBXNativeTarget "To Do List" */ = {
			isa = XCConfigurationList;
			buildConfigurations = (
				DA3242251EE4C93E004DBBEE /* Debug */,
				DA3242261EE4C93E004DBBEE /* Release */,
			);
			defaultConfigurationIsVisible = 0;
			defaultConfigurationName = Release;
		};
/* End XCConfigurationList section */
	};
	rootObject = DA3242081EE4C93E004DBBEE /* Project object */;
}
